
Microsoft Visual Studio Solution File, Format Version 12.00
# Visual Studio 15
VisualStudioVersion = 15.0.28307.960
MinimumVisualStudioVersion = 10.0.40219.1
Project("{FAE04EC0-301F-11D3-BF4B-00C04F79EFBC}") = "WebsiteSamples", "WebsiteSamples\WebsiteSamples.csproj", "{872EDBA9-A75A-423C-BB10-AD940DAD366D}"
EndProject
Global
	GlobalSection(SolutionConfigurationPlatforms) = preSolution
		Debug|Any CPU = Debug|Any CPU
		Release|Any CPU = Release|Any CPU
	EndGlobalSection
	GlobalSection(ProjectConfigurationPlatforms) = postSolution
		{872EDBA9-A75A-423C-BB10-AD940DAD366D}.Debug|Any CPU.ActiveCfg = Debug|Any CPU
		{872EDBA9-A75A-423C-BB10-AD940DAD366D}.Debug|Any CPU.Build.0 = Debug|Any CPU
		{872EDBA9-A75A-423C-BB10-AD940DAD366D}.Release|Any CPU.ActiveCfg = Release|Any CPU
		{872EDBA9-A75A-423C-BB10-AD940DAD366D}.Release|Any CPU.Build.0 = Release|Any CPU
	EndGlobalSection
	GlobalSection(SolutionProperties) = preSolution
		HideSolutionNode = FALSE
	EndGlobalSection
	GlobalSection(ExtensibilityGlobals) = postSolution
		SolutionGuid = {BC0F134C-DA45-452E-95E5-6B77D1D84C39}
	EndGlobalSection
EndGlobal
